// !$*UTF8*$!
{
	archiveVersion = 1;
	classes = {
	};
	objectVersion = 46;
	objects = {

/* Begin PBXBuildFile section */
		880C52211BEADC5300C765CA /* main.m in Sources */ = {isa = PBXBuildFile; fileRef = 880C52201BEADC5300C765CA /* main.m */; };
		880C52241BEADC5300C765CA /* AppDelegate.m in Sources */ = {isa = PBXBuildFile; fileRef = 880C52231BEADC5300C765CA /* AppDelegate.m */; };
		880C522A1BEADC5300C765CA /* Main.storyboard in Resources */ = {isa = PBXBuildFile; fileRef = 880C52281BEADC5300C765CA /* Main.storyboard */; };
		880C522C1BEADC5300C765CA /* Images.xcassets in Resources */ = {isa = PBXBuildFile; fileRef = 880C522B1BEADC5300C765CA /* Images.xcassets */; };
		880C522F1BEADC5300C765CA /* LaunchScreen.xib in Resources */ = {isa = PBXBuildFile; fileRef = 880C522D1BEADC5300C765CA /* LaunchScreen.xib */; };
		880C523B1BEADC5300C765CA /* Professors_ReviewsTests.m in Sources */ = {isa = PBXBuildFile; fileRef = 880C523A1BEADC5300C765CA /* Professors_ReviewsTests.m */; };
		880C52461BEAE77C00C765CA /* SelectCourseViewController.m in Sources */ = {isa = PBXBuildFile; fileRef = 880C52451BEAE77C00C765CA /* SelectCourseViewController.m */; };
		88FEFE0F1BF792CF00A5B46C /* RateProfViewController.m in Sources */ = {isa = PBXBuildFile; fileRef = 88FEFE0E1BF792CF00A5B46C /* RateProfViewController.m */; };
/* End PBXBuildFile section */

/* Begin PBXContainerItemProxy section */
		880C52351BEADC5300C765CA /* PBXContainerItemProxy */ = {
			isa = PBXContainerItemProxy;
			containerPortal = 880C52131BEADC5300C765CA /* Project object */;
			proxyType = 1;
			remoteGlobalIDString = 880C521A1BEADC5300C765CA;
			remoteInfo = "Professors Reviews";
		};
/* End PBXContainerItemProxy section */

/* Begin PBXFileReference section */
		880C521B1BEADC5300C765CA /* Professors Reviews.app */ = {isa = PBXFileReference; explicitFileType = wrapper.application; includeInIndex = 0; path = "Professors Reviews.app"; sourceTree = BUILT_PRODUCTS_DIR; };
		880C521F1BEADC5300C765CA /* Info.plist */ = {isa = PBXFileReference; lastKnownFileType = text.plist.xml; path = Info.plist; sourceTree = "<group>"; };
		880C52201BEADC5300C765CA /* main.m */ = {isa = PBXFileReference; lastKnownFileType = sourcecode.c.objc; path = main.m; sourceTree = "<group>"; };
		880C52221BEADC5300C765CA /* AppDelegate.h */ = {isa = PBXFileReference; lastKnownFileType = sourcecode.c.h; path = AppDelegate.h; sourceTree = "<group>"; };
		880C52231BEADC5300C765CA /* AppDelegate.m */ = {isa = PBXFileReference; lastKnownFileType = sourcecode.c.objc; path = AppDelegate.m; sourceTree = "<group>"; };
		880C52291BEADC5300C765CA /* Base */ = {isa = PBXFileReference; lastKnownFileType = file.storyboard; name = Base; path = Base.lproj/Main.storyboard; sourceTree = "<group>"; };
		880C522B1BEADC5300C765CA /* Images.xcassets */ = {isa = PBXFileReference; lastKnownFileType = folder.assetcatalog; path = Images.xcassets; sourceTree = "<group>"; };
		880C522E1BEADC5300C765CA /* Base */ = {isa = PBXFileReference; lastKnownFileType = file.xib; name = Base; path = Base.lproj/LaunchScreen.xib; sourceTree = "<group>"; };
		880C52341BEADC5300C765CA /* Professors ReviewsTests.xctest */ = {isa = PBXFileReference; explicitFileType = wrapper.cfbundle; includeInIndex = 0; path = "Professors ReviewsTests.xctest"; sourceTree = BUILT_PRODUCTS_DIR; };
		880C52391BEADC5300C765CA /* Info.plist */ = {isa = PBXFileReference; lastKnownFileType = text.plist.xml; path = Info.plist; sourceTree = "<group>"; };
		880C523A1BEADC5300C765CA /* Professors_ReviewsTests.m */ = {isa = PBXFileReference; lastKnownFileType = sourcecode.c.objc; path = Professors_ReviewsTests.m; sourceTree = "<group>"; };
		880C52441BEAE77C00C765CA /* SelectCourseViewController.h */ = {isa = PBXFileReference; fileEncoding = 4; lastKnownFileType = sourcecode.c.h; path = SelectCourseViewController.h; sourceTree = "<group>"; };
		880C52451BEAE77C00C765CA /* SelectCourseViewController.m */ = {isa = PBXFileReference; fileEncoding = 4; lastKnownFileType = sourcecode.c.objc; path = SelectCourseViewController.m; sourceTree = "<group>"; };
		88FEFE0D1BF792CF00A5B46C /* RateProfViewController.h */ = {isa = PBXFileReference; fileEncoding = 4; lastKnownFileType = sourcecode.c.h; path = RateProfViewController.h; sourceTree = "<group>"; };
		88FEFE0E1BF792CF00A5B46C /* RateProfViewController.m */ = {isa = PBXFileReference; fileEncoding = 4; lastKnownFileType = sourcecode.c.objc; path = RateProfViewController.m; sourceTree = "<group>"; };
/* End PBXFileReference section */

/* Begin PBXFrameworksBuildPhase section */
		880C52181BEADC5300C765CA /* Frameworks */ = {
			isa = PBXFrameworksBuildPhase;
			buildActionMask = 2147483647;
			files = (
			);
			runOnlyForDeploymentPostprocessing = 0;
		};
		880C52311BEADC5300C765CA /* Frameworks */ = {
			isa = PBXFrameworksBuildPhase;
			buildActionMask = 2147483647;
			files = (
			);
			runOnlyForDeploymentPostprocessing = 0;
		};
/* End PBXFrameworksBuildPhase section */

/* Begin PBXGroup section */
		880C52121BEADC5300C765CA = {
			isa = PBXGroup;
			children = (
				880C521D1BEADC5300C765CA /* Professors Reviews */,
				880C52371BEADC5300C765CA /* Professors ReviewsTests */,
				880C521C1BEADC5300C765CA /* Products */,
			);
			sourceTree = "<group>";
		};
		880C521C1BEADC5300C765CA /* Products */ = {
			isa = PBXGroup;
			children = (
				880C521B1BEADC5300C765CA /* Professors Reviews.app */,
				880C52341BEADC5300C765CA /* Professors ReviewsTests.xctest */,
			);
			name = Products;
			sourceTree = "<group>";
		};
		880C521D1BEADC5300C765CA /* Professors Reviews */ = {
			isa = PBXGroup;
			children = (
				880C52281BEADC5300C765CA /* Main.storyboard */,
				88FEFE0D1BF792CF00A5B46C /* RateProfViewController.h */,
				88FEFE0E1BF792CF00A5B46C /* RateProfViewController.m */,
				880C52441BEAE77C00C765CA /* SelectCourseViewController.h */,
				880C52451BEAE77C00C765CA /* SelectCourseViewController.m */,
				880C521E1BEADC5300C765CA /* Supporting Files */,
			);
			path = "Professors Reviews";
			sourceTree = "<group>";
		};
		880C521E1BEADC5300C765CA /* Supporting Files */ = {
			isa = PBXGroup;
			children = (
				880C522B1BEADC5300C765CA /* Images.xcassets */,
				880C522D1BEADC5300C765CA /* LaunchScreen.xib */,
				880C52221BEADC5300C765CA /* AppDelegate.h */,
				880C52231BEADC5300C765CA /* AppDelegate.m */,
				880C521F1BEADC5300C765CA /* Info.plist */,
				880C52201BEADC5300C765CA /* main.m */,
			);
			name = "Supporting Files";
			sourceTree = "<group>";
		};
		880C52371BEADC5300C765CA /* Professors ReviewsTests */ = {
			isa = PBXGroup;
			children = (
				880C523A1BEADC5300C765CA /* Professors_ReviewsTests.m */,
				880C52381BEADC5300C765CA /* Supporting Files */,
			);
			path = "Professors ReviewsTests";
			sourceTree = "<group>";
		};
		880C52381BEADC5300C765CA /* Supporting Files */ = {
			isa = PBXGroup;
			children = (
				880C52391BEADC5300C765CA /* Info.plist */,
			);
			name = "Supporting Files";
			sourceTree = "<group>";
		};
/* End PBXGroup section */

/* Begin PBXNativeTarget section */
		880C521A1BEADC5300C765CA /* Professors Reviews */ = {
			isa = PBXNativeTarget;
			buildConfigurationList = 880C523E1BEADC5300C765CA /* Build configuration list for PBXNativeTarget "Professors Reviews" */;
			buildPhases = (
				880C52171BEADC5300C765CA /* Sources */,
				880C52181BEADC5300C765CA /* Frameworks */,
				880C52191BEADC5300C765CA /* Resources */,
			);
			buildRules = (
			);
			dependencies = (
			);
			name = "Professors Reviews";
			productName = "Professors Reviews";
			productReference = 880C521B1BEADC5300C765CA /* Professors Reviews.app */;
			productType = "com.apple.product-type.application";
		};
		880C52331BEADC5300C765CA /* Professors ReviewsTests */ = {
			isa = PBXNativeTarget;
			buildConfigurationList = 880C52411BEADC5300C765CA /* Build configuration list for PBXNativeTarget "Professors ReviewsTests" */;
			buildPhases = (
				880C52301BEADC5300C765CA /* Sources */,
				880C52311BEADC5300C765CA /* Frameworks */,
				880C52321BEADC5300C765CA /* Resources */,
			);
			buildRules = (
			);
			dependencies = (
				880C52361BEADC5300C765CA /* PBXTargetDependency */,
			);
			name = "Professors ReviewsTests";
			productName = "Professors ReviewsTests";
			productReference = 880C52341BEADC5300C765CA /* Professors ReviewsTests.xctest */;
			productType = "com.apple.product-type.bundle.unit-test";
		};
/* End PBXNativeTarget section */

/* Begin PBXProject section */
		880C52131BEADC5300C765CA /* Project object */ = {
			isa = PBXProject;
			attributes = {
				LastUpgradeCheck = 0610;
				ORGANIZATIONNAME = CJC;
				TargetAttributes = {
					880C521A1BEADC5300C765CA = {
						CreatedOnToolsVersion = 6.1.1;
					};
					880C52331BEADC5300C765CA = {
						CreatedOnToolsVersion = 6.1.1;
						TestTargetID = 880C521A1BEADC5300C765CA;
					};
				};
			};
			buildConfigurationList = 880C52161BEADC5300C765CA /* Build configuration list for PBXProject "Professors Reviews" */;
			compatibilityVersion = "Xcode 3.2";
			developmentRegion = English;
			hasScannedForEncodings = 0;
			knownRegions = (
				en,
				Base,
			);
			mainGroup = 880C52121BEADC5300C765CA;
			productRefGroup = 880C521C1BEADC5300C765CA /* Products */;
			projectDirPath = "";
			projectRoot = "";
			targets = (
				880C521A1BEADC5300C765CA /* Professors Reviews */,
				880C52331BEADC5300C765CA /* Professors ReviewsTests */,
			);
		};
/* End PBXProject section */

/* Begin PBXResourcesBuildPhase section */
		880C52191BEADC5300C765CA /* Resources */ = {
			isa = PBXResourcesBuildPhase;
			buildActionMask = 2147483647;
			files = (
				880C522A1BEADC5300C765CA /* Main.storyboard in Resources */,
				880C522F1BEADC5300C765CA /* LaunchScreen.xib in Resources */,
				880C522C1BEADC5300C765CA /* Images.xcassets in Resources */,
			);
			runOnlyForDeploymentPostprocessing = 0;
		};
		880C52321BEADC5300C765CA /* Resources */ = {
			isa = PBXResourcesBuildPhase;
			buildActionMask = 2147483647;
			files = (
			);
			runOnlyForDeploymentPostprocessing = 0;
		};
/* End PBXResourcesBuildPhase section */

/* Begin PBXSourcesBuildPhase section */
		880C52171BEADC5300C765CA /* Sources */ = {
			isa = PBXSourcesBuildPhase;
			buildActionMask = 2147483647;
			files = (
				880C52461BEAE77C00C765CA /* SelectCourseViewController.m in Sources */,
				88FEFE0F1BF792CF00A5B46C /* RateProfViewController.m in Sources */,
				880C52241BEADC5300C765CA /* AppDelegate.m in Sources */,
				880C52211BEADC5300C765CA /* main.m in Sources */,
			);
			runOnlyForDeploymentPostprocessing = 0;
		};
		880C52301BEADC5300C765CA /* Sources */ = {
			isa = PBXSourcesBuildPhase;
			buildActionMask = 2147483647;
			files = (
				880C523B1BEADC5300C765CA /* Professors_ReviewsTests.m in Sources */,
			);
			runOnlyForDeploymentPostprocessing = 0;
		};
/* End PBXSourcesBuildPhase section */

/* Begin PBXTargetDependency section */
		880C52361BEADC5300C765CA /* PBXTargetDependency */ = {
			isa = PBXTargetDependency;
			target = 880C521A1BEADC5300C765CA /* Professors Reviews */;
			targetProxy = 880C52351BEADC5300C765CA /* PBXContainerItemProxy */;
		};
/* End PBXTargetDependency section */

/* Begin PBXVariantGroup section */
		880C52281BEADC5300C765CA /* Main.storyboard */ = {
			isa = PBXVariantGroup;
			children = (
				880C52291BEADC5300C765CA /* Base */,
			);
			name = Main.storyboard;
			sourceTree = "<group>";
		};
		880C522D1BEADC5300C765CA /* LaunchScreen.xib */ = {
			isa = PBXVariantGroup;
			children = (
				880C522E1BEADC5300C765CA /* Base */,
			);
			name = LaunchScreen.xib;
			sourceTree = "<group>";
		};
/* End PBXVariantGroup section */

/* Begin XCBuildConfiguration section */
		880C523C1BEADC5300C765CA /* Debug */ = {
			isa = XCBuildConfiguration;
			buildSettings = {
				ALWAYS_SEARCH_USER_PATHS = NO;
				CLANG_CXX_LANGUAGE_STANDARD = "gnu++0x";
				CLANG_CXX_LIBRARY = "libc++";
				CLANG_ENABLE_MODULES = YES;
				CLANG_ENABLE_OBJC_ARC = YES;
				CLANG_WARN_BOOL_CONVERSION = YES;
				CLANG_WARN_CONSTANT_CONVERSION = YES;
				CLANG_WARN_DIRECT_OBJC_ISA_USAGE = YES_ERROR;
				CLANG_WARN_EMPTY_BODY = YES;
				CLANG_WARN_ENUM_CONVERSION = YES;
				CLANG_WARN_INT_CONVERSION = YES;
				CLANG_WARN_OBJC_ROOT_CLASS = YES_ERROR;
				CLANG_WARN_UNREACHABLE_CODE = YES;
				CLANG_WARN__DUPLICATE_METHOD_MATCH = YES;
				"CODE_SIGN_IDENTITY[sdk=iphoneos*]" = "iPhone Developer";
				COPY_PHASE_STRIP = NO;
				ENABLE_STRICT_OBJC_MSGSEND = YES;
				GCC_C_LANGUAGE_STANDARD = gnu99;
				GCC_DYNAMIC_NO_PIC = NO;
				GCC_OPTIMIZATION_LEVEL = 0;
				GCC_PREPROCESSOR_DEFINITIONS = (
					"DEBUG=1",
					"$(inherited)",
				);
				GCC_SYMBOLS_PRIVATE_EXTERN = NO;
				GCC_WARN_64_TO_32_BIT_CONVERSION = YES;
				GCC_WARN_ABOUT_RETURN_TYPE = YES_ERROR;
				GCC_WARN_UNDECLARED_SELECTOR = YES;
				GCC_WARN_UNINITIALIZED_AUTOS = YES_AGGRESSIVE;
				GCC_WARN_UNUSED_FUNCTION = YES;
				GCC_WARN_UNUSED_VARIABLE = YES;
				IPHONEOS_DEPLOYMENT_TARGET = 8.1;
				MTL_ENABLE_DEBUG_INFO = YES;
				ONLY_ACTIVE_ARCH = YES;
				SDKROOT = iphoneos;
			};
			name = Debug;
		};
		880C523D1BEADC5300C765CA /* Release */ = {
			isa = XCBuildConfiguration;
			buildSettings = {
				ALWAYS_SEARCH_USER_PATHS = NO;
				CLANG_CXX_LANGUAGE_STANDARD = "gnu++0x";
				CLANG_CXX_LIBRARY = "libc++";
				CLANG_ENABLE_MODULES = YES;
				CLANG_ENABLE_OBJC_ARC = YES;
				CLANG_WARN_BOOL_CONVERSION = YES;
				CLANG_WARN_CONSTANT_CONVERSION = YES;
				CLANG_WARN_DIRECT_OBJC_ISA_USAGE = YES_ERROR;
				CLANG_WARN_EMPTY_BODY = YES;
				CLANG_WARN_ENUM_CONVERSION = YES;
				CLANG_WARN_INT_CONVERSION = YES;
				CLANG_WARN_OBJC_ROOT_CLASS = YES_ERROR;
				CLANG_WARN_UNREACHABLE_CODE = YES;
				CLANG_WARN__DUPLICATE_METHOD_MATCH = YES;
				"CODE_SIGN_IDENTITY[sdk=iphoneos*]" = "iPhone Developer";
				COPY_PHASE_STRIP = YES;
				ENABLE_NS_ASSERTIONS = NO;
				ENABLE_STRICT_OBJC_MSGSEND = YES;
				GCC_C_LANGUAGE_STANDARD = gnu99;
				GCC_WARN_64_TO_32_BIT_CONVERSION = YES;
				GCC_WARN_ABOUT_RETURN_TYPE = YES_ERROR;
				GCC_WARN_UNDECLARED_SELECTOR = YES;
				GCC_WARN_UNINITIALIZED_AUTOS = YES_AGGRESSIVE;
				GCC_WARN_UNUSED_FUNCTION = YES;
				GCC_WARN_UNUSED_VARIABLE = YES;
				IPHONEOS_DEPLOYMENT_TARGET = 8.1;
				MTL_ENABLE_DEBUG_INFO = NO;
				SDKROOT = iphoneos;
				VALIDATE_PRODUCT = YES;
			};
			name = Release;
		};
		880C523F1BEADC5300C765CA /* Debug */ = {
			isa = XCBuildConfiguration;
			buildSettings = {
				ASSETCATALOG_COMPILER_APPICON_NAME = AppIcon;
				INFOPLIST_FILE = "Professors Reviews/Info.plist";
				LD_RUNPATH_SEARCH_PATHS = "$(inherited) @executable_path/Frameworks";
				PRODUCT_NAME = "$(TARGET_NAME)";
			};
			name = Debug;
		};
		880C52401BEADC5300C765CA /* Release */ = {
			isa = XCBuildConfiguration;
			buildSettings = {
				ASSETCATALOG_COMPILER_APPICON_NAME = AppIcon;
				INFOPLIST_FILE = "Professors Reviews/Info.plist";
				LD_RUNPATH_SEARCH_PATHS = "$(inherited) @executable_path/Frameworks";
				PRODUCT_NAME = "$(TARGET_NAME)";
			};
			name = Release;
		};
		880C52421BEADC5300C765CA /* Debug */ = {
			isa = XCBuildConfiguration;
			buildSettings = {
				BUNDLE_LOADER = "$(TEST_HOST)";
				FRAMEWORK_SEARCH_PATHS = (
					"$(SDKROOT)/Developer/Library/Frameworks",
					"$(inherited)",
				);
				GCC_PREPROCESSOR_DEFINITIONS = (
					"DEBUG=1",
					"$(inherited)",
				);
				INFOPLIST_FILE = "Professors ReviewsTests/Info.plist";
				LD_RUNPATH_SEARCH_PATHS = "$(inherited) @executable_path/Frameworks @loader_path/Frameworks";
				PRODUCT_NAME = "$(TARGET_NAME)";
				TEST_HOST = "$(BUILT_PRODUCTS_DIR)/Professors Reviews.app/Professors Reviews";
			};
			name = Debug;
		};
		880C52431BEADC5300C765CA /* Release */ = {
			isa = XCBuildConfiguration;
			buildSettings = {
				BUNDLE_LOADER = "$(TEST_HOST)";
				FRAMEWORK_SEARCH_PATHS = (
					"$(SDKROOT)/Developer/Library/Frameworks",
					"$(inherited)",
				);
				INFOPLIST_FILE = "Professors ReviewsTests/Info.plist";
				LD_RUNPATH_SEARCH_PATHS = "$(inherited) @executable_path/Frameworks @loader_path/Frameworks";
				PRODUCT_NAME = "$(TARGET_NAME)";
				TEST_HOST = "$(BUILT_PRODUCTS_DIR)/Professors Reviews.app/Professors Reviews";
			};
			name = Release;
		};
/* End XCBuildConfiguration section */

/* Begin XCConfigurationList section */
		880C52161BEADC5300C765CA /* Build configuration list for PBXProject "Professors Reviews" */ = {
			isa = XCConfigurationList;
			buildConfigurations = (
				880C523C1BEADC5300C765CA /* Debug */,
				880C523D1BEADC5300C765CA /* Release */,
			);
			defaultConfigurationIsVisible = 0;
			defaultConfigurationName = Release;
		};
		880C523E1BEADC5300C765CA /* Build configuration list for PBXNativeTarget "Professors Reviews" */ = {
			isa = XCConfigurationList;
			buildConfigurations = (
				880C523F1BEADC5300C765CA /* Debug */,
				880C52401BEADC5300C765CA /* Release */,
			);
			defaultConfigurationIsVisible = 0;
			defaultConfigurationName = Release;
		};
		880C52411BEADC5300C765CA /* Build configuration list for PBXNativeTarget "Professors ReviewsTests" */ = {
			isa = XCConfigurationList;
			buildConfigurations = (
				880C52421BEADC5300C765CA /* Debug */,
				880C52431BEADC5300C765CA /* Release */,
			);
			defaultConfigurationIsVisible = 0;
			defaultConfigurationName = Release;
		};
/* End XCConfigurationList section */
	};
	rootObject = 880C52131BEADC5300C765CA /* Project object */;
}
